{
    "name": "lepo_frontend_framework",
    "version": "0.0.1",
    "lockfileVersion": 3,
    "requires": true,
    "packages": {
        "": {
            "name": "lepo_frontend_framework",
            "version": "0.0.1",
            "bin": {
                "lepo": "bin/lepo.js"
            }
        }
    }
}
